
Microsoft Visual Studio Solution File, Format Version 12.00
# Visual Studio Version 17
VisualStudioVersion = 17.5.33530.505
MinimumVisualStudioVersion = 10.0.40219.1
Project("{9A19103F-16F7-4668-BE54-9A1E7A4F7556}") = "MCMWEB.Server", "MCMWEB\Server\MCMWEB.Server.csproj", "{8A04380C-5CCB-40E2-881B-5C35EBCD60CF}"
EndProject
Project("{9A19103F-16F7-4668-BE54-9A1E7A4F7556}") = "MCMWEB.Client", "MCMWEB\Client\MCMWEB.Client.csproj", "{901D70FC-FC9D-4366-80D8-17D9B4F32995}"
EndProject
Project("{9A19103F-16F7-4668-BE54-9A1E7A4F7556}") = "MCMWEB.Shared", "MCMWEB\Shared\MCMWEB.Shared.csproj", "{35436598-E2D3-43C1-A923-487FD4C506BF}"
EndProject
Global
	GlobalSection(SolutionConfigurationPlatforms) = preSolution
		Debug|Any CPU = Debug|Any CPU
		Release|Any CPU = Release|Any CPU
	EndGlobalSection
	GlobalSection(ProjectConfigurationPlatforms) = postSolution
		{8A04380C-5CCB-40E2-881B-5C35EBCD60CF}.Debug|Any CPU.ActiveCfg = Debug|Any CPU
		{8A04380C-5CCB-40E2-881B-5C35EBCD60CF}.Debug|Any CPU.Build.0 = Debug|Any CPU
		{8A04380C-5CCB-40E2-881B-5C35EBCD60CF}.Release|Any CPU.ActiveCfg = Release|Any CPU
		{8A04380C-5CCB-40E2-881B-5C35EBCD60CF}.Release|Any CPU.Build.0 = Release|Any CPU
		{901D70FC-FC9D-4366-80D8-17D9B4F32995}.Debug|Any CPU.ActiveCfg = Debug|Any CPU
		{901D70FC-FC9D-4366-80D8-17D9B4F32995}.Debug|Any CPU.Build.0 = Debug|Any CPU
		{901D70FC-FC9D-4366-80D8-17D9B4F32995}.Release|Any CPU.ActiveCfg = Release|Any CPU
		{901D70FC-FC9D-4366-80D8-17D9B4F32995}.Release|Any CPU.Build.0 = Release|Any CPU
		{35436598-E2D3-43C1-A923-487FD4C506BF}.Debug|Any CPU.ActiveCfg = Debug|Any CPU
		{35436598-E2D3-43C1-A923-487FD4C506BF}.Debug|Any CPU.Build.0 = Debug|Any CPU
		{35436598-E2D3-43C1-A923-487FD4C506BF}.Release|Any CPU.ActiveCfg = Release|Any CPU
		{35436598-E2D3-43C1-A923-487FD4C506BF}.Release|Any CPU.Build.0 = Release|Any CPU
	EndGlobalSection
	GlobalSection(SolutionProperties) = preSolution
		HideSolutionNode = FALSE
	EndGlobalSection
	GlobalSection(ExtensibilityGlobals) = postSolution
		SolutionGuid = {8ED4AAAE-05AE-4AE0-AD5A-7652377D5123}
	EndGlobalSection
EndGlobal
